// !$*UTF8*$!
{
	archiveVersion = 1;
	classes = {
	};
	objectVersion = 55;
	objects = {

/* Begin PBXBuildFile section */
		FC2C513928CB6B7300BE2527 /* HeaderView.swift in Sources */ = {isa = PBXBuildFile; fileRef = FC2C513828CB6B7300BE2527 /* HeaderView.swift */; };
		FC2C513A28CB6B7300BE2527 /* HeaderView.swift in Sources */ = {isa = PBXBuildFile; fileRef = FC2C513828CB6B7300BE2527 /* HeaderView.swift */; };
		FC2C513C28CB6C4300BE2527 /* TripCellView.swift in Sources */ = {isa = PBXBuildFile; fileRef = FC2C513B28CB6C4300BE2527 /* TripCellView.swift */; };
		FC2C513D28CB6C4300BE2527 /* TripCellView.swift in Sources */ = {isa = PBXBuildFile; fileRef = FC2C513B28CB6C4300BE2527 /* TripCellView.swift */; };
		FC576B8028CA135200ED17AD /* Data.swift in Sources */ = {isa = PBXBuildFile; fileRef = FC576B7D28CA135200ED17AD /* Data.swift */; };
		FC576B8128CA135200ED17AD /* Data.swift in Sources */ = {isa = PBXBuildFile; fileRef = FC576B7D28CA135200ED17AD /* Data.swift */; };
		FC576B8228CA135200ED17AD /* Trip.swift in Sources */ = {isa = PBXBuildFile; fileRef = FC576B7E28CA135200ED17AD /* Trip.swift */; };
		FC576B8328CA135200ED17AD /* Trip.swift in Sources */ = {isa = PBXBuildFile; fileRef = FC576B7E28CA135200ED17AD /* Trip.swift */; };
		FC576B8428CA135200ED17AD /* viagens.json in Resources */ = {isa = PBXBuildFile; fileRef = FC576B7F28CA135200ED17AD /* viagens.json */; };
		FC576B8528CA135200ED17AD /* viagens.json in Resources */ = {isa = PBXBuildFile; fileRef = FC576B7F28CA135200ED17AD /* viagens.json */; };
		FC856DA028D34BD000815D3F /* MapView.swift in Sources */ = {isa = PBXBuildFile; fileRef = FC856D9F28D34BD000815D3F /* MapView.swift */; };
		FC856DA128D34BD000815D3F /* MapView.swift in Sources */ = {isa = PBXBuildFile; fileRef = FC856D9F28D34BD000815D3F /* MapView.swift */; };
		FCA9E22F28D88EBF00BD8E3D /* TripPackagesView.swift in Sources */ = {isa = PBXBuildFile; fileRef = FCA9E22E28D88EBF00BD8E3D /* TripPackagesView.swift */; };
		FCA9E23028D88EBF00BD8E3D /* TripPackagesView.swift in Sources */ = {isa = PBXBuildFile; fileRef = FCA9E22E28D88EBF00BD8E3D /* TripPackagesView.swift */; };
		FCA9E23228D8905B00BD8E3D /* pacotes-viagens.json in Resources */ = {isa = PBXBuildFile; fileRef = FCA9E23128D8905B00BD8E3D /* pacotes-viagens.json */; };
		FCA9E23328D8905B00BD8E3D /* pacotes-viagens.json in Resources */ = {isa = PBXBuildFile; fileRef = FCA9E23128D8905B00BD8E3D /* pacotes-viagens.json */; };
		FCA9E23628D8909400BD8E3D /* TripPackage.swift in Sources */ = {isa = PBXBuildFile; fileRef = FCA9E23528D8909400BD8E3D /* TripPackage.swift */; };
		FCA9E23728D8909400BD8E3D /* TripPackage.swift in Sources */ = {isa = PBXBuildFile; fileRef = FCA9E23528D8909400BD8E3D /* TripPackage.swift */; };
		FCA9E23928D897E100BD8E3D /* PackagesSectionView.swift in Sources */ = {isa = PBXBuildFile; fileRef = FCA9E23828D897E100BD8E3D /* PackagesSectionView.swift */; };
		FCA9E23A28D897E100BD8E3D /* PackagesSectionView.swift in Sources */ = {isa = PBXBuildFile; fileRef = FCA9E23828D897E100BD8E3D /* PackagesSectionView.swift */; };
		FCA9E23C28D898B500BD8E3D /* PackageCellView.swift in Sources */ = {isa = PBXBuildFile; fileRef = FCA9E23B28D898B500BD8E3D /* PackageCellView.swift */; };
		FCA9E23D28D898B500BD8E3D /* PackageCellView.swift in Sources */ = {isa = PBXBuildFile; fileRef = FCA9E23B28D898B500BD8E3D /* PackageCellView.swift */; };
		FCB205F828CF62690061F419 /* Sizing.swift in Sources */ = {isa = PBXBuildFile; fileRef = FCB205F728CF62690061F419 /* Sizing.swift */; };
		FCB205F928CF62690061F419 /* Sizing.swift in Sources */ = {isa = PBXBuildFile; fileRef = FCB205F728CF62690061F419 /* Sizing.swift */; };
		FCDEC2BB28BCEAC20019A316 /* Tests_iOS.swift in Sources */ = {isa = PBXBuildFile; fileRef = FCDEC2BA28BCEAC20019A316 /* Tests_iOS.swift */; };
		FCDEC2BD28BCEAC20019A316 /* Tests_iOSLaunchTests.swift in Sources */ = {isa = PBXBuildFile; fileRef = FCDEC2BC28BCEAC20019A316 /* Tests_iOSLaunchTests.swift */; };
		FCDEC2C728BCEAC20019A316 /* Tests_macOS.swift in Sources */ = {isa = PBXBuildFile; fileRef = FCDEC2C628BCEAC20019A316 /* Tests_macOS.swift */; };
		FCDEC2C928BCEAC20019A316 /* Tests_macOSLaunchTests.swift in Sources */ = {isa = PBXBuildFile; fileRef = FCDEC2C828BCEAC20019A316 /* Tests_macOSLaunchTests.swift */; };
		FCDEC2CA28BCEAC20019A316 /* SwiftUI_StudyApp.swift in Sources */ = {isa = PBXBuildFile; fileRef = FCDEC2A228BCEABF0019A316 /* SwiftUI_StudyApp.swift */; };
		FCDEC2CB28BCEAC20019A316 /* SwiftUI_StudyApp.swift in Sources */ = {isa = PBXBuildFile; fileRef = FCDEC2A228BCEABF0019A316 /* SwiftUI_StudyApp.swift */; };
		FCDEC2CC28BCEAC20019A316 /* ContentView.swift in Sources */ = {isa = PBXBuildFile; fileRef = FCDEC2A328BCEABF0019A316 /* ContentView.swift */; };
		FCDEC2CD28BCEAC20019A316 /* ContentView.swift in Sources */ = {isa = PBXBuildFile; fileRef = FCDEC2A328BCEABF0019A316 /* ContentView.swift */; };
		FCDEC2CE28BCEAC20019A316 /* Assets.xcassets in Resources */ = {isa = PBXBuildFile; fileRef = FCDEC2A428BCEAC20019A316 /* Assets.xcassets */; };
		FCDEC2CF28BCEAC20019A316 /* Assets.xcassets in Resources */ = {isa = PBXBuildFile; fileRef = FCDEC2A428BCEAC20019A316 /* Assets.xcassets */; };
/* End PBXBuildFile section */

/* Begin PBXContainerItemProxy section */
		FCDEC2B728BCEAC20019A316 /* PBXContainerItemProxy */ = {
			isa = PBXContainerItemProxy;
			containerPortal = FCDEC29D28BCEABE0019A316 /* Project object */;
			proxyType = 1;
			remoteGlobalIDString = FCDEC2A828BCEAC20019A316;
			remoteInfo = "SwiftUI Study (iOS)";
		};
		FCDEC2C328BCEAC20019A316 /* PBXContainerItemProxy */ = {
			isa = PBXContainerItemProxy;
			containerPortal = FCDEC29D28BCEABE0019A316 /* Project object */;
			proxyType = 1;
			remoteGlobalIDString = FCDEC2AE28BCEAC20019A316;
			remoteInfo = "SwiftUI Study (macOS)";
		};
/* End PBXContainerItemProxy section */

/* Begin PBXFileReference section */
		FC2C513828CB6B7300BE2527 /* HeaderView.swift */ = {isa = PBXFileReference; lastKnownFileType = sourcecode.swift; path = HeaderView.swift; sourceTree = "<group>"; };
		FC2C513B28CB6C4300BE2527 /* TripCellView.swift */ = {isa = PBXFileReference; lastKnownFileType = sourcecode.swift; path = TripCellView.swift; sourceTree = "<group>"; };
		FC576B7D28CA135200ED17AD /* Data.swift */ = {isa = PBXFileReference; fileEncoding = 4; lastKnownFileType = sourcecode.swift; path = Data.swift; sourceTree = "<group>"; };
		FC576B7E28CA135200ED17AD /* Trip.swift */ = {isa = PBXFileReference; fileEncoding = 4; lastKnownFileType = sourcecode.swift; path = Trip.swift; sourceTree = "<group>"; };
		FC576B7F28CA135200ED17AD /* viagens.json */ = {isa = PBXFileReference; fileEncoding = 4; lastKnownFileType = text.json; path = viagens.json; sourceTree = "<group>"; };
		FC856D9F28D34BD000815D3F /* MapView.swift */ = {isa = PBXFileReference; lastKnownFileType = sourcecode.swift; path = MapView.swift; sourceTree = "<group>"; };
		FCA9E22E28D88EBF00BD8E3D /* TripPackagesView.swift */ = {isa = PBXFileReference; lastKnownFileType = sourcecode.swift; path = TripPackagesView.swift; sourceTree = "<group>"; };
		FCA9E23128D8905B00BD8E3D /* pacotes-viagens.json */ = {isa = PBXFileReference; fileEncoding = 4; lastKnownFileType = text.json; path = "pacotes-viagens.json"; sourceTree = "<group>"; };
		FCA9E23528D8909400BD8E3D /* TripPackage.swift */ = {isa = PBXFileReference; fileEncoding = 4; lastKnownFileType = sourcecode.swift; path = TripPackage.swift; sourceTree = "<group>"; };
		FCA9E23828D897E100BD8E3D /* PackagesSectionView.swift */ = {isa = PBXFileReference; lastKnownFileType = sourcecode.swift; path = PackagesSectionView.swift; sourceTree = "<group>"; };
		FCA9E23B28D898B500BD8E3D /* PackageCellView.swift */ = {isa = PBXFileReference; lastKnownFileType = sourcecode.swift; path = PackageCellView.swift; sourceTree = "<group>"; };
		FCB205F728CF62690061F419 /* Sizing.swift */ = {isa = PBXFileReference; lastKnownFileType = sourcecode.swift; path = Sizing.swift; sourceTree = "<group>"; };
		FCDEC2A228BCEABF0019A316 /* SwiftUI_StudyApp.swift */ = {isa = PBXFileReference; lastKnownFileType = sourcecode.swift; path = SwiftUI_StudyApp.swift; sourceTree = "<group>"; };
		FCDEC2A328BCEABF0019A316 /* ContentView.swift */ = {isa = PBXFileReference; lastKnownFileType = sourcecode.swift; path = ContentView.swift; sourceTree = "<group>"; };
		FCDEC2A428BCEAC20019A316 /* Assets.xcassets */ = {isa = PBXFileReference; lastKnownFileType = folder.assetcatalog; path = Assets.xcassets; sourceTree = "<group>"; };
		FCDEC2A928BCEAC20019A316 /* SwiftUI Study.app */ = {isa = PBXFileReference; explicitFileType = wrapper.application; includeInIndex = 0; path = "SwiftUI Study.app"; sourceTree = BUILT_PRODUCTS_DIR; };
		FCDEC2AF28BCEAC20019A316 /* SwiftUI Study.app */ = {isa = PBXFileReference; explicitFileType = wrapper.application; includeInIndex = 0; path = "SwiftUI Study.app"; sourceTree = BUILT_PRODUCTS_DIR; };
		FCDEC2B128BCEAC20019A316 /* macOS.entitlements */ = {isa = PBXFileReference; lastKnownFileType = text.plist.entitlements; path = macOS.entitlements; sourceTree = "<group>"; };
		FCDEC2B628BCEAC20019A316 /* Tests iOS.xctest */ = {isa = PBXFileReference; explicitFileType = wrapper.cfbundle; includeInIndex = 0; path = "Tests iOS.xctest"; sourceTree = BUILT_PRODUCTS_DIR; };
		FCDEC2BA28BCEAC20019A316 /* Tests_iOS.swift */ = {isa = PBXFileReference; lastKnownFileType = sourcecode.swift; path = Tests_iOS.swift; sourceTree = "<group>"; };
		FCDEC2BC28BCEAC20019A316 /* Tests_iOSLaunchTests.swift */ = {isa = PBXFileReference; lastKnownFileType = sourcecode.swift; path = Tests_iOSLaunchTests.swift; sourceTree = "<group>"; };
		FCDEC2C228BCEAC20019A316 /* Tests macOS.xctest */ = {isa = PBXFileReference; explicitFileType = wrapper.cfbundle; includeInIndex = 0; path = "Tests macOS.xctest"; sourceTree = BUILT_PRODUCTS_DIR; };
		FCDEC2C628BCEAC20019A316 /* Tests_macOS.swift */ = {isa = PBXFileReference; lastKnownFileType = sourcecode.swift; path = Tests_macOS.swift; sourceTree = "<group>"; };
		FCDEC2C828BCEAC20019A316 /* Tests_macOSLaunchTests.swift */ = {isa = PBXFileReference; lastKnownFileType = sourcecode.swift; path = Tests_macOSLaunchTests.swift; sourceTree = "<group>"; };
/* End PBXFileReference section */

/* Begin PBXFrameworksBuildPhase section */
		FCDEC2A628BCEAC20019A316 /* Frameworks */ = {
			isa = PBXFrameworksBuildPhase;
			buildActionMask = 2147483647;
			files = (
			);
			runOnlyForDeploymentPostprocessing = 0;
		};
		FCDEC2AC28BCEAC20019A316 /* Frameworks */ = {
			isa = PBXFrameworksBuildPhase;
			buildActionMask = 2147483647;
			files = (
			);
			runOnlyForDeploymentPostprocessing = 0;
		};
		FCDEC2B328BCEAC20019A316 /* Frameworks */ = {
			isa = PBXFrameworksBuildPhase;
			buildActionMask = 2147483647;
			files = (
			);
			runOnlyForDeploymentPostprocessing = 0;
		};
		FCDEC2BF28BCEAC20019A316 /* Frameworks */ = {
			isa = PBXFrameworksBuildPhase;
			buildActionMask = 2147483647;
			files = (
			);
			runOnlyForDeploymentPostprocessing = 0;
		};
/* End PBXFrameworksBuildPhase section */

/* Begin PBXGroup section */
		FC08634B28DC8B7200918264 /* Featured */ = {
			isa = PBXGroup;
			children = (
			);
			path = Featured;
			sourceTree = "<group>";
		};
		FC2C513728CB6B4700BE2527 /* Views */ = {
			isa = PBXGroup;
			children = (
				FC08634B28DC8B7200918264 /* Featured */,
				FCDEC2A328BCEABF0019A316 /* ContentView.swift */,
				FC2C513828CB6B7300BE2527 /* HeaderView.swift */,
				FC2C513B28CB6C4300BE2527 /* TripCellView.swift */,
				FCB205F728CF62690061F419 /* Sizing.swift */,
				FC856D9F28D34BD000815D3F /* MapView.swift */,
				FCA9E22E28D88EBF00BD8E3D /* TripPackagesView.swift */,
				FCA9E23828D897E100BD8E3D /* PackagesSectionView.swift */,
				FCA9E23B28D898B500BD8E3D /* PackageCellView.swift */,
			);
			path = Views;
			sourceTree = "<group>";
		};
		FC576B7C28CA135200ED17AD /* Models */ = {
			isa = PBXGroup;
			children = (
				FCA9E23528D8909400BD8E3D /* TripPackage.swift */,
				FC576B7D28CA135200ED17AD /* Data.swift */,
				FC576B7E28CA135200ED17AD /* Trip.swift */,
			);
			path = Models;
			sourceTree = "<group>";
		};
		FCA9E23428D8907A00BD8E3D /* Mocks */ = {
			isa = PBXGroup;
			children = (
				FC576B7F28CA135200ED17AD /* viagens.json */,
				FCA9E23128D8905B00BD8E3D /* pacotes-viagens.json */,
			);
			path = Mocks;
			sourceTree = "<group>";
		};
		FCDEC29C28BCEABE0019A316 = {
			isa = PBXGroup;
			children = (
				FCDEC2A128BCEABF0019A316 /* Shared */,
				FCDEC2B028BCEAC20019A316 /* macOS */,
				FCDEC2B928BCEAC20019A316 /* Tests iOS */,
				FCDEC2C528BCEAC20019A316 /* Tests macOS */,
				FCDEC2AA28BCEAC20019A316 /* Products */,
			);
			sourceTree = "<group>";
		};
		FCDEC2A128BCEABF0019A316 /* Shared */ = {
			isa = PBXGroup;
			children = (
				FCA9E23428D8907A00BD8E3D /* Mocks */,
				FC576B7C28CA135200ED17AD /* Models */,
				FC2C513728CB6B4700BE2527 /* Views */,
				FCDEC2A228BCEABF0019A316 /* SwiftUI_StudyApp.swift */,
				FCDEC2A428BCEAC20019A316 /* Assets.xcassets */,
			);
			path = Shared;
			sourceTree = "<group>";
		};
		FCDEC2AA28BCEAC20019A316 /* Products */ = {
			isa = PBXGroup;
			children = (
				FCDEC2A928BCEAC20019A316 /* SwiftUI Study.app */,
				FCDEC2AF28BCEAC20019A316 /* SwiftUI Study.app */,
				FCDEC2B628BCEAC20019A316 /* Tests iOS.xctest */,
				FCDEC2C228BCEAC20019A316 /* Tests macOS.xctest */,
			);
			name = Products;
			sourceTree = "<group>";
		};
		FCDEC2B028BCEAC20019A316 /* macOS */ = {
			isa = PBXGroup;
			children = (
				FCDEC2B128BCEAC20019A316 /* macOS.entitlements */,
			);
			path = macOS;
			sourceTree = "<group>";
		};
		FCDEC2B928BCEAC20019A316 /* Tests iOS */ = {
			isa = PBXGroup;
			children = (
				FCDEC2BA28BCEAC20019A316 /* Tests_iOS.swift */,
				FCDEC2BC28BCEAC20019A316 /* Tests_iOSLaunchTests.swift */,
			);
			path = "Tests iOS";
			sourceTree = "<group>";
		};
		FCDEC2C528BCEAC20019A316 /* Tests macOS */ = {
			isa = PBXGroup;
			children = (
				FCDEC2C628BCEAC20019A316 /* Tests_macOS.swift */,
				FCDEC2C828BCEAC20019A316 /* Tests_macOSLaunchTests.swift */,
			);
			path = "Tests macOS";
			sourceTree = "<group>";
		};
/* End PBXGroup section */

/* Begin PBXNativeTarget section */
		FCDEC2A828BCEAC20019A316 /* SwiftUI Study (iOS) */ = {
			isa = PBXNativeTarget;
			buildConfigurationList = FCDEC2D228BCEAC20019A316 /* Build configuration list for PBXNativeTarget "SwiftUI Study (iOS)" */;
			buildPhases = (
				FCDEC2A528BCEAC20019A316 /* Sources */,
				FCDEC2A628BCEAC20019A316 /* Frameworks */,
				FCDEC2A728BCEAC20019A316 /* Resources */,
			);
			buildRules = (
			);
			dependencies = (
			);
			name = "SwiftUI Study (iOS)";
			productName = "SwiftUI Study (iOS)";
			productReference = FCDEC2A928BCEAC20019A316 /* SwiftUI Study.app */;
			productType = "com.apple.product-type.application";
		};
		FCDEC2AE28BCEAC20019A316 /* SwiftUI Study (macOS) */ = {
			isa = PBXNativeTarget;
			buildConfigurationList = FCDEC2D528BCEAC20019A316 /* Build configuration list for PBXNativeTarget "SwiftUI Study (macOS)" */;
			buildPhases = (
				FCDEC2AB28BCEAC20019A316 /* Sources */,
				FCDEC2AC28BCEAC20019A316 /* Frameworks */,
				FCDEC2AD28BCEAC20019A316 /* Resources */,
			);
			buildRules = (
			);
			dependencies = (
			);
			name = "SwiftUI Study (macOS)";
			productName = "SwiftUI Study (macOS)";
			productReference = FCDEC2AF28BCEAC20019A316 /* SwiftUI Study.app */;
			productType = "com.apple.product-type.application";
		};
		FCDEC2B528BCEAC20019A316 /* Tests iOS */ = {
			isa = PBXNativeTarget;
			buildConfigurationList = FCDEC2D828BCEAC20019A316 /* Build configuration list for PBXNativeTarget "Tests iOS" */;
			buildPhases = (
				FCDEC2B228BCEAC20019A316 /* Sources */,
				FCDEC2B328BCEAC20019A316 /* Frameworks */,
				FCDEC2B428BCEAC20019A316 /* Resources */,
			);
			buildRules = (
			);
			dependencies = (
				FCDEC2B828BCEAC20019A316 /* PBXTargetDependency */,
			);
			name = "Tests iOS";
			productName = "Tests iOS";
			productReference = FCDEC2B628BCEAC20019A316 /* Tests iOS.xctest */;
			productType = "com.apple.product-type.bundle.ui-testing";
		};
		FCDEC2C128BCEAC20019A316 /* Tests macOS */ = {
			isa = PBXNativeTarget;
			buildConfigurationList = FCDEC2DB28BCEAC20019A316 /* Build configuration list for PBXNativeTarget "Tests macOS" */;
			buildPhases = (
				FCDEC2BE28BCEAC20019A316 /* Sources */,
				FCDEC2BF28BCEAC20019A316 /* Frameworks */,
				FCDEC2C028BCEAC20019A316 /* Resources */,
			);
			buildRules = (
			);
			dependencies = (
				FCDEC2C428BCEAC20019A316 /* PBXTargetDependency */,
			);
			name = "Tests macOS";
			productName = "Tests macOS";
			productReference = FCDEC2C228BCEAC20019A316 /* Tests macOS.xctest */;
			productType = "com.apple.product-type.bundle.ui-testing";
		};
/* End PBXNativeTarget section */

/* Begin PBXProject section */
		FCDEC29D28BCEABE0019A316 /* Project object */ = {
			isa = PBXProject;
			attributes = {
				BuildIndependentTargetsInParallel = 1;
				LastSwiftUpdateCheck = 1320;
				LastUpgradeCheck = 1320;
				TargetAttributes = {
					FCDEC2A828BCEAC20019A316 = {
						CreatedOnToolsVersion = 13.2.1;
					};
					FCDEC2AE28BCEAC20019A316 = {
						CreatedOnToolsVersion = 13.2.1;
					};
					FCDEC2B528BCEAC20019A316 = {
						CreatedOnToolsVersion = 13.2.1;
						TestTargetID = FCDEC2A828BCEAC20019A316;
					};
					FCDEC2C128BCEAC20019A316 = {
						CreatedOnToolsVersion = 13.2.1;
						TestTargetID = FCDEC2AE28BCEAC20019A316;
					};
				};
			};
			buildConfigurationList = FCDEC2A028BCEABE0019A316 /* Build configuration list for PBXProject "SwiftUI Study" */;
			compatibilityVersion = "Xcode 13.0";
			developmentRegion = en;
			hasScannedForEncodings = 0;
			knownRegions = (
				en,
				Base,
			);
			mainGroup = FCDEC29C28BCEABE0019A316;
			productRefGroup = FCDEC2AA28BCEAC20019A316 /* Products */;
			projectDirPath = "";
			projectRoot = "";
			targets = (
				FCDEC2A828BCEAC20019A316 /* SwiftUI Study (iOS) */,
				FCDEC2AE28BCEAC20019A316 /* SwiftUI Study (macOS) */,
				FCDEC2B528BCEAC20019A316 /* Tests iOS */,
				FCDEC2C128BCEAC20019A316 /* Tests macOS */,
			);
		};
/* End PBXProject section */

/* Begin PBXResourcesBuildPhase section */
		FCDEC2A728BCEAC20019A316 /* Resources */ = {
			isa = PBXResourcesBuildPhase;
			buildActionMask = 2147483647;
			files = (
				FCA9E23228D8905B00BD8E3D /* pacotes-viagens.json in Resources */,
				FCDEC2CE28BCEAC20019A316 /* Assets.xcassets in Resources */,
				FC576B8428CA135200ED17AD /* viagens.json in Resources */,
			);
			runOnlyForDeploymentPostprocessing = 0;
		};
		FCDEC2AD28BCEAC20019A316 /* Resources */ = {
			isa = PBXResourcesBuildPhase;
			buildActionMask = 2147483647;
			files = (
				FCA9E23328D8905B00BD8E3D /* pacotes-viagens.json in Resources */,
				FCDEC2CF28BCEAC20019A316 /* Assets.xcassets in Resources */,
				FC576B8528CA135200ED17AD /* viagens.json in Resources */,
			);
			runOnlyForDeploymentPostprocessing = 0;
		};
		FCDEC2B428BCEAC20019A316 /* Resources */ = {
			isa = PBXResourcesBuildPhase;
			buildActionMask = 2147483647;
			files = (
			);
			runOnlyForDeploymentPostprocessing = 0;
		};
		FCDEC2C028BCEAC20019A316 /* Resources */ = {
			isa = PBXResourcesBuildPhase;
			buildActionMask = 2147483647;
			files = (
			);
			runOnlyForDeploymentPostprocessing = 0;
		};
/* End PBXResourcesBuildPhase section */

/* Begin PBXSourcesBuildPhase section */
		FCDEC2A528BCEAC20019A316 /* Sources */ = {
			isa = PBXSourcesBuildPhase;
			buildActionMask = 2147483647;
			files = (
				FCA9E23628D8909400BD8E3D /* TripPackage.swift in Sources */,
				FCA9E22F28D88EBF00BD8E3D /* TripPackagesView.swift in Sources */,
				FCA9E23928D897E100BD8E3D /* PackagesSectionView.swift in Sources */,
				FC2C513928CB6B7300BE2527 /* HeaderView.swift in Sources */,
				FC576B8228CA135200ED17AD /* Trip.swift in Sources */,
				FCDEC2CC28BCEAC20019A316 /* ContentView.swift in Sources */,
				FCA9E23C28D898B500BD8E3D /* PackageCellView.swift in Sources */,
				FCB205F828CF62690061F419 /* Sizing.swift in Sources */,
				FC576B8028CA135200ED17AD /* Data.swift in Sources */,
				FCDEC2CA28BCEAC20019A316 /* SwiftUI_StudyApp.swift in Sources */,
				FC2C513C28CB6C4300BE2527 /* TripCellView.swift in Sources */,
				FC856DA028D34BD000815D3F /* MapView.swift in Sources */,
			);
			runOnlyForDeploymentPostprocessing = 0;
		};
		FCDEC2AB28BCEAC20019A316 /* Sources */ = {
			isa = PBXSourcesBuildPhase;
			buildActionMask = 2147483647;
			files = (
				FCA9E23728D8909400BD8E3D /* TripPackage.swift in Sources */,
				FCA9E23028D88EBF00BD8E3D /* TripPackagesView.swift in Sources */,
				FCA9E23A28D897E100BD8E3D /* PackagesSectionView.swift in Sources */,
				FC2C513A28CB6B7300BE2527 /* HeaderView.swift in Sources */,
				FC576B8328CA135200ED17AD /* Trip.swift in Sources */,
				FCDEC2CD28BCEAC20019A316 /* ContentView.swift in Sources */,
				FCA9E23D28D898B500BD8E3D /* PackageCellView.swift in Sources */,
				FCB205F928CF62690061F419 /* Sizing.swift in Sources */,
				FC576B8128CA135200ED17AD /* Data.swift in Sources */,
				FCDEC2CB28BCEAC20019A316 /* SwiftUI_StudyApp.swift in Sources */,
				FC2C513D28CB6C4300BE2527 /* TripCellView.swift in Sources */,
				FC856DA128D34BD000815D3F /* MapView.swift in Sources */,
			);
			runOnlyForDeploymentPostprocessing = 0;
		};
		FCDEC2B228BCEAC20019A316 /* Sources */ = {
			isa = PBXSourcesBuildPhase;
			buildActionMask = 2147483647;
			files = (
				FCDEC2BD28BCEAC20019A316 /* Tests_iOSLaunchTests.swift in Sources */,
				FCDEC2BB28BCEAC20019A316 /* Tests_iOS.swift in Sources */,
			);
			runOnlyForDeploymentPostprocessing = 0;
		};
		FCDEC2BE28BCEAC20019A316 /* Sources */ = {
			isa = PBXSourcesBuildPhase;
			buildActionMask = 2147483647;
			files = (
				FCDEC2C928BCEAC20019A316 /* Tests_macOSLaunchTests.swift in Sources */,
				FCDEC2C728BCEAC20019A316 /* Tests_macOS.swift in Sources */,
			);
			runOnlyForDeploymentPostprocessing = 0;
		};
/* End PBXSourcesBuildPhase section */

/* Begin PBXTargetDependency section */
		FCDEC2B828BCEAC20019A316 /* PBXTargetDependency */ = {
			isa = PBXTargetDependency;
			target = FCDEC2A828BCEAC20019A316 /* SwiftUI Study (iOS) */;
			targetProxy = FCDEC2B728BCEAC20019A316 /* PBXContainerItemProxy */;
		};
		FCDEC2C428BCEAC20019A316 /* PBXTargetDependency */ = {
			isa = PBXTargetDependency;
			target = FCDEC2AE28BCEAC20019A316 /* SwiftUI Study (macOS) */;
			targetProxy = FCDEC2C328BCEAC20019A316 /* PBXContainerItemProxy */;
		};
/* End PBXTargetDependency section */

/* Begin XCBuildConfiguration section */
		FCDEC2D028BCEAC20019A316 /* Debug */ = {
			isa = XCBuildConfiguration;
			buildSettings = {
				ALWAYS_SEARCH_USER_PATHS = NO;
				CLANG_ANALYZER_NONNULL = YES;
				CLANG_ANALYZER_NUMBER_OBJECT_CONVERSION = YES_AGGRESSIVE;
				CLANG_CXX_LANGUAGE_STANDARD = "gnu++17";
				CLANG_CXX_LIBRARY = "libc++";
				CLANG_ENABLE_MODULES = YES;
				CLANG_ENABLE_OBJC_ARC = YES;
				CLANG_ENABLE_OBJC_WEAK = YES;
				CLANG_WARN_BLOCK_CAPTURE_AUTORELEASING = YES;
				CLANG_WARN_BOOL_CONVERSION = YES;
				CLANG_WARN_COMMA = YES;
				CLANG_WARN_CONSTANT_CONVERSION = YES;
				CLANG_WARN_DEPRECATED_OBJC_IMPLEMENTATIONS = YES;
				CLANG_WARN_DIRECT_OBJC_ISA_USAGE = YES_ERROR;
				CLANG_WARN_DOCUMENTATION_COMMENTS = YES;
				CLANG_WARN_EMPTY_BODY = YES;
				CLANG_WARN_ENUM_CONVERSION = YES;
				CLANG_WARN_INFINITE_RECURSION = YES;
				CLANG_WARN_INT_CONVERSION = YES;
				CLANG_WARN_NON_LITERAL_NULL_CONVERSION = YES;
				CLANG_WARN_OBJC_IMPLICIT_RETAIN_SELF = YES;
				CLANG_WARN_OBJC_LITERAL_CONVERSION = YES;
				CLANG_WARN_OBJC_ROOT_CLASS = YES_ERROR;
				CLANG_WARN_QUOTED_INCLUDE_IN_FRAMEWORK_HEADER = YES;
				CLANG_WARN_RANGE_LOOP_ANALYSIS = YES;
				CLANG_WARN_STRICT_PROTOTYPES = YES;
				CLANG_WARN_SUSPICIOUS_MOVE = YES;
				CLANG_WARN_UNGUARDED_AVAILABILITY = YES_AGGRESSIVE;
				CLANG_WARN_UNREACHABLE_CODE = YES;
				CLANG_WARN__DUPLICATE_METHOD_MATCH = YES;
				COPY_PHASE_STRIP = NO;
				DEBUG_INFORMATION_FORMAT = dwarf;
				ENABLE_STRICT_OBJC_MSGSEND = YES;
				ENABLE_TESTABILITY = YES;
				GCC_C_LANGUAGE_STANDARD = gnu11;
				GCC_DYNAMIC_NO_PIC = NO;
				GCC_NO_COMMON_BLOCKS = YES;
				GCC_OPTIMIZATION_LEVEL = 0;
				GCC_PREPROCESSOR_DEFINITIONS = (
					"DEBUG=1",
					"$(inherited)",
				);
				GCC_WARN_64_TO_32_BIT_CONVERSION = YES;
				GCC_WARN_ABOUT_RETURN_TYPE = YES_ERROR;
				GCC_WARN_UNDECLARED_SELECTOR = YES;
				GCC_WARN_UNINITIALIZED_AUTOS = YES_AGGRESSIVE;
				GCC_WARN_UNUSED_FUNCTION = YES;
				GCC_WARN_UNUSED_VARIABLE = YES;
				MTL_ENABLE_DEBUG_INFO = INCLUDE_SOURCE;
				MTL_FAST_MATH = YES;
				ONLY_ACTIVE_ARCH = YES;
				SWIFT_ACTIVE_COMPILATION_CONDITIONS = DEBUG;
				SWIFT_OPTIMIZATION_LEVEL = "-Onone";
			};
			name = Debug;
		};
		FCDEC2D128BCEAC20019A316 /* Release */ = {
			isa = XCBuildConfiguration;
			buildSettings = {
				ALWAYS_SEARCH_USER_PATHS = NO;
				CLANG_ANALYZER_NONNULL = YES;
				CLANG_ANALYZER_NUMBER_OBJECT_CONVERSION = YES_AGGRESSIVE;
				CLANG_CXX_LANGUAGE_STANDARD = "gnu++17";
				CLANG_CXX_LIBRARY = "libc++";
				CLANG_ENABLE_MODULES = YES;
				CLANG_ENABLE_OBJC_ARC = YES;
				CLANG_ENABLE_OBJC_WEAK = YES;
				CLANG_WARN_BLOCK_CAPTURE_AUTORELEASING = YES;
				CLANG_WARN_BOOL_CONVERSION = YES;
				CLANG_WARN_COMMA = YES;
				CLANG_WARN_CONSTANT_CONVERSION = YES;
				CLANG_WARN_DEPRECATED_OBJC_IMPLEMENTATIONS = YES;
				CLANG_WARN_DIRECT_OBJC_ISA_USAGE = YES_ERROR;
				CLANG_WARN_DOCUMENTATION_COMMENTS = YES;
				CLANG_WARN_EMPTY_BODY = YES;
				CLANG_WARN_ENUM_CONVERSION = YES;
				CLANG_WARN_INFINITE_RECURSION = YES;
				CLANG_WARN_INT_CONVERSION = YES;
				CLANG_WARN_NON_LITERAL_NULL_CONVERSION = YES;
				CLANG_WARN_OBJC_IMPLICIT_RETAIN_SELF = YES;
				CLANG_WARN_OBJC_LITERAL_CONVERSION = YES;
				CLANG_WARN_OBJC_ROOT_CLASS = YES_ERROR;
				CLANG_WARN_QUOTED_INCLUDE_IN_FRAMEWORK_HEADER = YES;
				CLANG_WARN_RANGE_LOOP_ANALYSIS = YES;
				CLANG_WARN_STRICT_PROTOTYPES = YES;
				CLANG_WARN_SUSPICIOUS_MOVE = YES;
				CLANG_WARN_UNGUARDED_AVAILABILITY = YES_AGGRESSIVE;
				CLANG_WARN_UNREACHABLE_CODE = YES;
				CLANG_WARN__DUPLICATE_METHOD_MATCH = YES;
				COPY_PHASE_STRIP = NO;
				DEBUG_INFORMATION_FORMAT = "dwarf-with-dsym";
				ENABLE_NS_ASSERTIONS = NO;
				ENABLE_STRICT_OBJC_MSGSEND = YES;
				GCC_C_LANGUAGE_STANDARD = gnu11;
				GCC_NO_COMMON_BLOCKS = YES;
				GCC_WARN_64_TO_32_BIT_CONVERSION = YES;
				GCC_WARN_ABOUT_RETURN_TYPE = YES_ERROR;
				GCC_WARN_UNDECLARED_SELECTOR = YES;
				GCC_WARN_UNINITIALIZED_AUTOS = YES_AGGRESSIVE;
				GCC_WARN_UNUSED_FUNCTION = YES;
				GCC_WARN_UNUSED_VARIABLE = YES;
				MTL_ENABLE_DEBUG_INFO = NO;
				MTL_FAST_MATH = YES;
				SWIFT_COMPILATION_MODE = wholemodule;
				SWIFT_OPTIMIZATION_LEVEL = "-O";
			};
			name = Release;
		};
		FCDEC2D328BCEAC20019A316 /* Debug */ = {
			isa = XCBuildConfiguration;
			buildSettings = {
				ASSETCATALOG_COMPILER_APPICON_NAME = AppIcon;
				ASSETCATALOG_COMPILER_GLOBAL_ACCENT_COLOR_NAME = AccentColor;
				CODE_SIGN_STYLE = Automatic;
				CURRENT_PROJECT_VERSION = 1;
				ENABLE_PREVIEWS = YES;
				GENERATE_INFOPLIST_FILE = YES;
				INFOPLIST_KEY_UIApplicationSceneManifest_Generation = YES;
				INFOPLIST_KEY_UIApplicationSupportsIndirectInputEvents = YES;
				INFOPLIST_KEY_UILaunchScreen_Generation = YES;
				INFOPLIST_KEY_UISupportedInterfaceOrientations_iPad = "UIInterfaceOrientationPortrait UIInterfaceOrientationPortraitUpsideDown UIInterfaceOrientationLandscapeLeft UIInterfaceOrientationLandscapeRight";
				INFOPLIST_KEY_UISupportedInterfaceOrientations_iPhone = "UIInterfaceOrientationPortrait UIInterfaceOrientationLandscapeLeft UIInterfaceOrientationLandscapeRight";
				IPHONEOS_DEPLOYMENT_TARGET = 15.2;
				LD_RUNPATH_SEARCH_PATHS = (
					"$(inherited)",
					"@executable_path/Frameworks",
				);
				MARKETING_VERSION = 1.0;
				PRODUCT_BUNDLE_IDENTIFIER = "br.raphael.SwiftUI-Study";
				PRODUCT_NAME = "SwiftUI Study";
				SDKROOT = iphoneos;
				SWIFT_EMIT_LOC_STRINGS = YES;
				SWIFT_VERSION = 5.0;
				TARGETED_DEVICE_FAMILY = "1,2";
			};
			name = Debug;
		};
		FCDEC2D428BCEAC20019A316 /* Release */ = {
			isa = XCBuildConfiguration;
			buildSettings = {
				ASSETCATALOG_COMPILER_APPICON_NAME = AppIcon;
				ASSETCATALOG_COMPILER_GLOBAL_ACCENT_COLOR_NAME = AccentColor;
				CODE_SIGN_STYLE = Automatic;
				CURRENT_PROJECT_VERSION = 1;
				ENABLE_PREVIEWS = YES;
				GENERATE_INFOPLIST_FILE = YES;
				INFOPLIST_KEY_UIApplicationSceneManifest_Generation = YES;
				INFOPLIST_KEY_UIApplicationSupportsIndirectInputEvents = YES;
				INFOPLIST_KEY_UILaunchScreen_Generation = YES;
				INFOPLIST_KEY_UISupportedInterfaceOrientations_iPad = "UIInterfaceOrientationPortrait UIInterfaceOrientationPortraitUpsideDown UIInterfaceOrientationLandscapeLeft UIInterfaceOrientationLandscapeRight";
				INFOPLIST_KEY_UISupportedInterfaceOrientations_iPhone = "UIInterfaceOrientationPortrait UIInterfaceOrientationLandscapeLeft UIInterfaceOrientationLandscapeRight";
				IPHONEOS_DEPLOYMENT_TARGET = 15.2;
				LD_RUNPATH_SEARCH_PATHS = (
					"$(inherited)",
					"@executable_path/Frameworks",
				);
				MARKETING_VERSION = 1.0;
				PRODUCT_BUNDLE_IDENTIFIER = "br.raphael.SwiftUI-Study";
				PRODUCT_NAME = "SwiftUI Study";
				SDKROOT = iphoneos;
				SWIFT_EMIT_LOC_STRINGS = YES;
				SWIFT_VERSION = 5.0;
				TARGETED_DEVICE_FAMILY = "1,2";
				VALIDATE_PRODUCT = YES;
			};
			name = Release;
		};
		FCDEC2D628BCEAC20019A316 /* Debug */ = {
			isa = XCBuildConfiguration;
			buildSettings = {
				ASSETCATALOG_COMPILER_APPICON_NAME = AppIcon;
				ASSETCATALOG_COMPILER_GLOBAL_ACCENT_COLOR_NAME = AccentColor;
				CODE_SIGN_ENTITLEMENTS = macOS/macOS.entitlements;
				CODE_SIGN_STYLE = Automatic;
				COMBINE_HIDPI_IMAGES = YES;
				CURRENT_PROJECT_VERSION = 1;
				ENABLE_PREVIEWS = YES;
				GENERATE_INFOPLIST_FILE = YES;
				INFOPLIST_KEY_NSHumanReadableCopyright = "";
				LD_RUNPATH_SEARCH_PATHS = (
					"$(inherited)",
					"@executable_path/../Frameworks",
				);
				MACOSX_DEPLOYMENT_TARGET = 12.1;
				MARKETING_VERSION = 1.0;
				PRODUCT_BUNDLE_IDENTIFIER = "br.raphael.SwiftUI-Study";
				PRODUCT_NAME = "SwiftUI Study";
				SDKROOT = macosx;
				SWIFT_EMIT_LOC_STRINGS = YES;
				SWIFT_VERSION = 5.0;
			};
			name = Debug;
		};
		FCDEC2D728BCEAC20019A316 /* Release */ = {
			isa = XCBuildConfiguration;
			buildSettings = {
				ASSETCATALOG_COMPILER_APPICON_NAME = AppIcon;
				ASSETCATALOG_COMPILER_GLOBAL_ACCENT_COLOR_NAME = AccentColor;
				CODE_SIGN_ENTITLEMENTS = macOS/macOS.entitlements;
				CODE_SIGN_STYLE = Automatic;
				COMBINE_HIDPI_IMAGES = YES;
				CURRENT_PROJECT_VERSION = 1;
				ENABLE_PREVIEWS = YES;
				GENERATE_INFOPLIST_FILE = YES;
				INFOPLIST_KEY_NSHumanReadableCopyright = "";
				LD_RUNPATH_SEARCH_PATHS = (
					"$(inherited)",
					"@executable_path/../Frameworks",
				);
				MACOSX_DEPLOYMENT_TARGET = 12.1;
				MARKETING_VERSION = 1.0;
				PRODUCT_BUNDLE_IDENTIFIER = "br.raphael.SwiftUI-Study";
				PRODUCT_NAME = "SwiftUI Study";
				SDKROOT = macosx;
				SWIFT_EMIT_LOC_STRINGS = YES;
				SWIFT_VERSION = 5.0;
			};
			name = Release;
		};
		FCDEC2D928BCEAC20019A316 /* Debug */ = {
			isa = XCBuildConfiguration;
			buildSettings = {
				ALWAYS_EMBED_SWIFT_STANDARD_LIBRARIES = YES;
				CODE_SIGN_STYLE = Automatic;
				CURRENT_PROJECT_VERSION = 1;
				GENERATE_INFOPLIST_FILE = YES;
				IPHONEOS_DEPLOYMENT_TARGET = 15.2;
				MARKETING_VERSION = 1.0;
				PRODUCT_BUNDLE_IDENTIFIER = "br.raphael.Tests-iOS";
				PRODUCT_NAME = "$(TARGET_NAME)";
				SDKROOT = iphoneos;
				SWIFT_EMIT_LOC_STRINGS = NO;
				SWIFT_VERSION = 5.0;
				TARGETED_DEVICE_FAMILY = "1,2";
				TEST_TARGET_NAME = "SwiftUI Study (iOS)";
			};
			name = Debug;
		};
		FCDEC2DA28BCEAC20019A316 /* Release */ = {
			isa = XCBuildConfiguration;
			buildSettings = {
				ALWAYS_EMBED_SWIFT_STANDARD_LIBRARIES = YES;
				CODE_SIGN_STYLE = Automatic;
				CURRENT_PROJECT_VERSION = 1;
				GENERATE_INFOPLIST_FILE = YES;
				IPHONEOS_DEPLOYMENT_TARGET = 15.2;
				MARKETING_VERSION = 1.0;
				PRODUCT_BUNDLE_IDENTIFIER = "br.raphael.Tests-iOS";
				PRODUCT_NAME = "$(TARGET_NAME)";
				SDKROOT = iphoneos;
				SWIFT_EMIT_LOC_STRINGS = NO;
				SWIFT_VERSION = 5.0;
				TARGETED_DEVICE_FAMILY = "1,2";
				TEST_TARGET_NAME = "SwiftUI Study (iOS)";
				VALIDATE_PRODUCT = YES;
			};
			name = Release;
		};
		FCDEC2DC28BCEAC20019A316 /* Debug */ = {
			isa = XCBuildConfiguration;
			buildSettings = {
				ALWAYS_EMBED_SWIFT_STANDARD_LIBRARIES = YES;
				CODE_SIGN_STYLE = Automatic;
				CURRENT_PROJECT_VERSION = 1;
				GENERATE_INFOPLIST_FILE = YES;
				MACOSX_DEPLOYMENT_TARGET = 12.1;
				MARKETING_VERSION = 1.0;
				PRODUCT_BUNDLE_IDENTIFIER = "br.raphael.Tests-macOS";
				PRODUCT_NAME = "$(TARGET_NAME)";
				SDKROOT = macosx;
				SWIFT_EMIT_LOC_STRINGS = NO;
				SWIFT_VERSION = 5.0;
				TEST_TARGET_NAME = "SwiftUI Study (macOS)";
			};
			name = Debug;
		};
		FCDEC2DD28BCEAC20019A316 /* Release */ = {
			isa = XCBuildConfiguration;
			buildSettings = {
				ALWAYS_EMBED_SWIFT_STANDARD_LIBRARIES = YES;
				CODE_SIGN_STYLE = Automatic;
				CURRENT_PROJECT_VERSION = 1;
				GENERATE_INFOPLIST_FILE = YES;
				MACOSX_DEPLOYMENT_TARGET = 12.1;
				MARKETING_VERSION = 1.0;
				PRODUCT_BUNDLE_IDENTIFIER = "br.raphael.Tests-macOS";
				PRODUCT_NAME = "$(TARGET_NAME)";
				SDKROOT = macosx;
				SWIFT_EMIT_LOC_STRINGS = NO;
				SWIFT_VERSION = 5.0;
				TEST_TARGET_NAME = "SwiftUI Study (macOS)";
			};
			name = Release;
		};
/* End XCBuildConfiguration section */

/* Begin XCConfigurationList section */
		FCDEC2A028BCEABE0019A316 /* Build configuration list for PBXProject "SwiftUI Study" */ = {
			isa = XCConfigurationList;
			buildConfigurations = (
				FCDEC2D028BCEAC20019A316 /* Debug */,
				FCDEC2D128BCEAC20019A316 /* Release */,
			);
			defaultConfigurationIsVisible = 0;
			defaultConfigurationName = Release;
		};
		FCDEC2D228BCEAC20019A316 /* Build configuration list for PBXNativeTarget "SwiftUI Study (iOS)" */ = {
			isa = XCConfigurationList;
			buildConfigurations = (
				FCDEC2D328BCEAC20019A316 /* Debug */,
				FCDEC2D428BCEAC20019A316 /* Release */,
			);
			defaultConfigurationIsVisible = 0;
			defaultConfigurationName = Release;
		};
		FCDEC2D528BCEAC20019A316 /* Build configuration list for PBXNativeTarget "SwiftUI Study (macOS)" */ = {
			isa = XCConfigurationList;
			buildConfigurations = (
				FCDEC2D628BCEAC20019A316 /* Debug */,
				FCDEC2D728BCEAC20019A316 /* Release */,
			);
			defaultConfigurationIsVisible = 0;
			defaultConfigurationName = Release;
		};
		FCDEC2D828BCEAC20019A316 /* Build configuration list for PBXNativeTarget "Tests iOS" */ = {
			isa = XCConfigurationList;
			buildConfigurations = (
				FCDEC2D928BCEAC20019A316 /* Debug */,
				FCDEC2DA28BCEAC20019A316 /* Release */,
			);
			defaultConfigurationIsVisible = 0;
			defaultConfigurationName = Release;
		};
		FCDEC2DB28BCEAC20019A316 /* Build configuration list for PBXNativeTarget "Tests macOS" */ = {
			isa = XCConfigurationList;
			buildConfigurations = (
				FCDEC2DC28BCEAC20019A316 /* Debug */,
				FCDEC2DD28BCEAC20019A316 /* Release */,
			);
			defaultConfigurationIsVisible = 0;
			defaultConfigurationName = Release;
		};
/* End XCConfigurationList section */
	};
	rootObject = FCDEC29D28BCEABE0019A316 /* Project object */;
}
